
Microsoft Visual Studio Solution File, Format Version 12.00
# Visual Studio 15
VisualStudioVersion = 15.0.28010.2019
MinimumVisualStudioVersion = 10.0.40219.1
Project("{9A19103F-16F7-4668-BE54-9A1E7A4F7556}") = "FinancialPlanner.API", "FinancialPlanner.API\FinancialPlanner.API.csproj", "{AC47E1DA-03D3-469D-B75E-A5C56EC6CC9B}"
EndProject
Project("{9A19103F-16F7-4668-BE54-9A1E7A4F7556}") = "FinancialPlannerTests", "FinancialPlannerTests\FinancialPlannerTests.csproj", "{DA7B0143-C7FD-4331-9171-481DD6265005}"
	ProjectSection(ProjectDependencies) = postProject
		{AC47E1DA-03D3-469D-B75E-A5C56EC6CC9B} = {AC47E1DA-03D3-469D-B75E-A5C56EC6CC9B}
	EndProjectSection
EndProject
Global
	GlobalSection(SolutionConfigurationPlatforms) = preSolution
		Debug|Any CPU = Debug|Any CPU
		Release|Any CPU = Release|Any CPU
	EndGlobalSection
	GlobalSection(ProjectConfigurationPlatforms) = postSolution
		{AC47E1DA-03D3-469D-B75E-A5C56EC6CC9B}.Debug|Any CPU.ActiveCfg = Debug|Any CPU
		{AC47E1DA-03D3-469D-B75E-A5C56EC6CC9B}.Debug|Any CPU.Build.0 = Debug|Any CPU
		{AC47E1DA-03D3-469D-B75E-A5C56EC6CC9B}.Release|Any CPU.ActiveCfg = Release|Any CPU
		{AC47E1DA-03D3-469D-B75E-A5C56EC6CC9B}.Release|Any CPU.Build.0 = Release|Any CPU
		{DA7B0143-C7FD-4331-9171-481DD6265005}.Debug|Any CPU.ActiveCfg = Debug|Any CPU
		{DA7B0143-C7FD-4331-9171-481DD6265005}.Debug|Any CPU.Build.0 = Debug|Any CPU
		{DA7B0143-C7FD-4331-9171-481DD6265005}.Release|Any CPU.ActiveCfg = Release|Any CPU
		{DA7B0143-C7FD-4331-9171-481DD6265005}.Release|Any CPU.Build.0 = Release|Any CPU
	EndGlobalSection
	GlobalSection(SolutionProperties) = preSolution
		HideSolutionNode = FALSE
	EndGlobalSection
	GlobalSection(ExtensibilityGlobals) = postSolution
		SolutionGuid = {4DBCD834-6BFE-4DF1-9BA4-C97B16106C72}
	EndGlobalSection
EndGlobal
